{
  "originHash" : "7fc03a899c4d600cf33a8e9c8335efe28589ee16b465e0133e5548682f3250b6",
  "pins" : [
    {
      "identity" : "factory",
      "kind" : "remoteSourceControl",
      "location" : "https://github.com/hmlongco/Factory",
      "state" : {
        "revision" : "587995f7d5cc667951d635fbf6b4252324ba0439",
        "version" : "2.3.2"
      }
    },
    {
      "identity" : "simplekeychain",
      "kind" : "remoteSourceControl",
      "location" : "https://github.com/auth0/SimpleKeychain",
      "state" : {
        "revision" : "f082494aab8056139a4fe234c920a9f92f681aff",
        "version" : "1.1.0"
      }
    }
  ],
  "version" : 3
}
